
Microsoft Visual Studio Solution File, Format Version 12.00
# Visual Studio Version 16
VisualStudioVersion = 16.0.29102.190
MinimumVisualStudioVersion = 10.0.40219.1
Project("{FAE04EC0-301F-11D3-BF4B-00C04F79EFBC}") = "QuanLyXepLichThi", "QuanLyXepLichThi\QuanLyXepLichThi.csproj", "{F5D306CB-832D-4625-ACBB-2A1D286D27BE}"
EndProject
Project("{FAE04EC0-301F-11D3-BF4B-00C04F79EFBC}") = "QLXLT_Data", "QLXLT_Data\QLXLT_Data.csproj", "{A9848EBB-C8FA-4666-91E7-C3801F9A8342}"
EndProject
Project("{FAE04EC0-301F-11D3-BF4B-00C04F79EFBC}") = "API", "API\API.csproj", "{BC0C1781-13D7-4FD0-A7A2-1C59CC1D1887}"
EndProject
Global
	GlobalSection(SolutionConfigurationPlatforms) = preSolution
		Debug|Any CPU = Debug|Any CPU
		Release|Any CPU = Release|Any CPU
	EndGlobalSection
	GlobalSection(ProjectConfigurationPlatforms) = postSolution
		{F5D306CB-832D-4625-ACBB-2A1D286D27BE}.Debug|Any CPU.ActiveCfg = Debug|Any CPU
		{F5D306CB-832D-4625-ACBB-2A1D286D27BE}.Debug|Any CPU.Build.0 = Debug|Any CPU
		{F5D306CB-832D-4625-ACBB-2A1D286D27BE}.Release|Any CPU.ActiveCfg = Release|Any CPU
		{F5D306CB-832D-4625-ACBB-2A1D286D27BE}.Release|Any CPU.Build.0 = Release|Any CPU
		{A9848EBB-C8FA-4666-91E7-C3801F9A8342}.Debug|Any CPU.ActiveCfg = Debug|Any CPU
		{A9848EBB-C8FA-4666-91E7-C3801F9A8342}.Debug|Any CPU.Build.0 = Debug|Any CPU
		{A9848EBB-C8FA-4666-91E7-C3801F9A8342}.Release|Any CPU.ActiveCfg = Release|Any CPU
		{A9848EBB-C8FA-4666-91E7-C3801F9A8342}.Release|Any CPU.Build.0 = Release|Any CPU
		{BC0C1781-13D7-4FD0-A7A2-1C59CC1D1887}.Debug|Any CPU.ActiveCfg = Debug|Any CPU
		{BC0C1781-13D7-4FD0-A7A2-1C59CC1D1887}.Debug|Any CPU.Build.0 = Debug|Any CPU
		{BC0C1781-13D7-4FD0-A7A2-1C59CC1D1887}.Release|Any CPU.ActiveCfg = Release|Any CPU
		{BC0C1781-13D7-4FD0-A7A2-1C59CC1D1887}.Release|Any CPU.Build.0 = Release|Any CPU
	EndGlobalSection
	GlobalSection(SolutionProperties) = preSolution
		HideSolutionNode = FALSE
	EndGlobalSection
	GlobalSection(ExtensibilityGlobals) = postSolution
		SolutionGuid = {2CB0C7DC-FA90-4283-9774-3F9EAFAA3E3E}
	EndGlobalSection
EndGlobal
